// !$*UTF8*$!
{
	archiveVersion = 1;
	classes = {
	};
	objectVersion = 46;
	objects = {

/* Begin PBXBuildFile section */
		0D9433B815D13DFF00C75941 /* Foundation.framework in Frameworks */ = {isa = PBXBuildFile; fileRef = 0D9433B715D13DFF00C75941 /* Foundation.framework */; };
		0D9433BB15D13DFF00C75941 /* main.m in Sources */ = {isa = PBXBuildFile; fileRef = 0D9433BA15D13DFF00C75941 /* main.m */; };
		0D9433BF15D13DFF00C75941 /* Russian_Transliterator.1 in CopyFiles */ = {isa = PBXBuildFile; fileRef = 0D9433BE15D13DFF00C75941 /* Russian_Transliterator.1 */; };
/* End PBXBuildFile section */

/* Begin PBXCopyFilesBuildPhase section */
		0D9433B115D13DFF00C75941 /* CopyFiles */ = {
			isa = PBXCopyFilesBuildPhase;
			buildActionMask = 2147483647;
			dstPath = /usr/share/man/man1/;
			dstSubfolderSpec = 0;
			files = (
				0D9433BF15D13DFF00C75941 /* Russian_Transliterator.1 in CopyFiles */,
			);
			runOnlyForDeploymentPostprocessing = 1;
		};
/* End PBXCopyFilesBuildPhase section */

/* Begin PBXFileReference section */
		0D9433B315D13DFF00C75941 /* Russian Transliterator */ = {isa = PBXFileReference; explicitFileType = "compiled.mach-o.executable"; includeInIndex = 0; path = "Russian Transliterator"; sourceTree = BUILT_PRODUCTS_DIR; };
		0D9433B715D13DFF00C75941 /* Foundation.framework */ = {isa = PBXFileReference; lastKnownFileType = wrapper.framework; name = Foundation.framework; path = System/Library/Frameworks/Foundation.framework; sourceTree = SDKROOT; };
		0D9433BA15D13DFF00C75941 /* main.m */ = {isa = PBXFileReference; lastKnownFileType = sourcecode.c.objc; path = main.m; sourceTree = "<group>"; };
		0D9433BD15D13DFF00C75941 /* Russian Transliterator-Prefix.pch */ = {isa = PBXFileReference; lastKnownFileType = sourcecode.c.h; path = "Russian Transliterator-Prefix.pch"; sourceTree = "<group>"; };
		0D9433BE15D13DFF00C75941 /* Russian_Transliterator.1 */ = {isa = PBXFileReference; lastKnownFileType = text.man; path = Russian_Transliterator.1; sourceTree = "<group>"; };
/* End PBXFileReference section */

/* Begin PBXFrameworksBuildPhase section */
		0D9433B015D13DFF00C75941 /* Frameworks */ = {
			isa = PBXFrameworksBuildPhase;
			buildActionMask = 2147483647;
			files = (
				0D9433B815D13DFF00C75941 /* Foundation.framework in Frameworks */,
			);
			runOnlyForDeploymentPostprocessing = 0;
		};
/* End PBXFrameworksBuildPhase section */

/* Begin PBXGroup section */
		0D9433A815D13DFF00C75941 = {
			isa = PBXGroup;
			children = (
				0D9433B915D13DFF00C75941 /* Russian Transliterator */,
				0D9433B615D13DFF00C75941 /* Frameworks */,
				0D9433B415D13DFF00C75941 /* Products */,
			);
			sourceTree = "<group>";
		};
		0D9433B415D13DFF00C75941 /* Products */ = {
			isa = PBXGroup;
			children = (
				0D9433B315D13DFF00C75941 /* Russian Transliterator */,
			);
			name = Products;
			sourceTree = "<group>";
		};
		0D9433B615D13DFF00C75941 /* Frameworks */ = {
			isa = PBXGroup;
			children = (
				0D9433B715D13DFF00C75941 /* Foundation.framework */,
			);
			name = Frameworks;
			sourceTree = "<group>";
		};
		0D9433B915D13DFF00C75941 /* Russian Transliterator */ = {
			isa = PBXGroup;
			children = (
				0D9433BA15D13DFF00C75941 /* main.m */,
				0D9433BE15D13DFF00C75941 /* Russian_Transliterator.1 */,
				0D9433BC15D13DFF00C75941 /* Supporting Files */,
			);
			path = "Russian Transliterator";
			sourceTree = "<group>";
		};
		0D9433BC15D13DFF00C75941 /* Supporting Files */ = {
			isa = PBXGroup;
			children = (
				0D9433BD15D13DFF00C75941 /* Russian Transliterator-Prefix.pch */,
			);
			name = "Supporting Files";
			sourceTree = "<group>";
		};
/* End PBXGroup section */

/* Begin PBXNativeTarget section */
		0D9433B215D13DFF00C75941 /* Russian Transliterator */ = {
			isa = PBXNativeTarget;
			buildConfigurationList = 0D9433C215D13DFF00C75941 /* Build configuration list for PBXNativeTarget "Russian Transliterator" */;
			buildPhases = (
				0D9433AF15D13DFF00C75941 /* Sources */,
				0D9433B015D13DFF00C75941 /* Frameworks */,
				0D9433B115D13DFF00C75941 /* CopyFiles */,
			);
			buildRules = (
			);
			dependencies = (
			);
			name = "Russian Transliterator";
			productName = "Russian Transliterator";
			productReference = 0D9433B315D13DFF00C75941 /* Russian Transliterator */;
			productType = "com.apple.product-type.tool";
		};
/* End PBXNativeTarget section */

/* Begin PBXProject section */
		0D9433AA15D13DFF00C75941 /* Project object */ = {
			isa = PBXProject;
			attributes = {
				LastUpgradeCheck = 0430;
				ORGANIZATIONNAME = akaiBureido;
			};
			buildConfigurationList = 0D9433AD15D13DFF00C75941 /* Build configuration list for PBXProject "Russian Transliterator" */;
			compatibilityVersion = "Xcode 3.2";
			developmentRegion = English;
			hasScannedForEncodings = 0;
			knownRegions = (
				en,
			);
			mainGroup = 0D9433A815D13DFF00C75941;
			productRefGroup = 0D9433B415D13DFF00C75941 /* Products */;
			projectDirPath = "";
			projectRoot = "";
			targets = (
				0D9433B215D13DFF00C75941 /* Russian Transliterator */,
			);
		};
/* End PBXProject section */

/* Begin PBXSourcesBuildPhase section */
		0D9433AF15D13DFF00C75941 /* Sources */ = {
			isa = PBXSourcesBuildPhase;
			buildActionMask = 2147483647;
			files = (
				0D9433BB15D13DFF00C75941 /* main.m in Sources */,
			);
			runOnlyForDeploymentPostprocessing = 0;
		};
/* End PBXSourcesBuildPhase section */

/* Begin XCBuildConfiguration section */
		0D9433C015D13DFF00C75941 /* Debug */ = {
			isa = XCBuildConfiguration;
			buildSettings = {
				ALWAYS_SEARCH_USER_PATHS = NO;
				ARCHS = "$(ARCHS_STANDARD_64_BIT)";
				CLANG_ENABLE_OBJC_ARC = YES;
				COPY_PHASE_STRIP = NO;
				GCC_C_LANGUAGE_STANDARD = gnu99;
				GCC_DYNAMIC_NO_PIC = NO;
				GCC_ENABLE_OBJC_EXCEPTIONS = YES;
				GCC_OPTIMIZATION_LEVEL = 0;
				GCC_PREPROCESSOR_DEFINITIONS = (
					"DEBUG=1",
					"$(inherited)",
				);
				GCC_SYMBOLS_PRIVATE_EXTERN = NO;
				GCC_VERSION = com.apple.compilers.llvm.clang.1_0;
				GCC_WARN_64_TO_32_BIT_CONVERSION = YES;
				GCC_WARN_ABOUT_RETURN_TYPE = YES;
				GCC_WARN_UNINITIALIZED_AUTOS = YES;
				GCC_WARN_UNUSED_VARIABLE = YES;
				MACOSX_DEPLOYMENT_TARGET = 10.7;
				ONLY_ACTIVE_ARCH = YES;
				SDKROOT = macosx;
			};
			name = Debug;
		};
		0D9433C115D13DFF00C75941 /* Release */ = {
			isa = XCBuildConfiguration;
			buildSettings = {
				ALWAYS_SEARCH_USER_PATHS = NO;
				ARCHS = "$(ARCHS_STANDARD_64_BIT)";
				CLANG_ENABLE_OBJC_ARC = YES;
				COPY_PHASE_STRIP = YES;
				DEBUG_INFORMATION_FORMAT = "dwarf-with-dsym";
				GCC_C_LANGUAGE_STANDARD = gnu99;
				GCC_ENABLE_OBJC_EXCEPTIONS = YES;
				GCC_VERSION = com.apple.compilers.llvm.clang.1_0;
				GCC_WARN_64_TO_32_BIT_CONVERSION = YES;
				GCC_WARN_ABOUT_RETURN_TYPE = YES;
				GCC_WARN_UNINITIALIZED_AUTOS = YES;
				GCC_WARN_UNUSED_VARIABLE = YES;
				MACOSX_DEPLOYMENT_TARGET = 10.7;
				SDKROOT = macosx;
			};
			name = Release;
		};
		0D9433C315D13DFF00C75941 /* Debug */ = {
			isa = XCBuildConfiguration;
			buildSettings = {
				GCC_PRECOMPILE_PREFIX_HEADER = YES;
				GCC_PREFIX_HEADER = "Russian Transliterator/Russian Transliterator-Prefix.pch";
				PRODUCT_NAME = "$(TARGET_NAME)";
			};
			name = Debug;
		};
		0D9433C415D13DFF00C75941 /* Release */ = {
			isa = XCBuildConfiguration;
			buildSettings = {
				GCC_PRECOMPILE_PREFIX_HEADER = YES;
				GCC_PREFIX_HEADER = "Russian Transliterator/Russian Transliterator-Prefix.pch";
				PRODUCT_NAME = "$(TARGET_NAME)";
			};
			name = Release;
		};
/* End XCBuildConfiguration section */

/* Begin XCConfigurationList section */
		0D9433AD15D13DFF00C75941 /* Build configuration list for PBXProject "Russian Transliterator" */ = {
			isa = XCConfigurationList;
			buildConfigurations = (
				0D9433C015D13DFF00C75941 /* Debug */,
				0D9433C115D13DFF00C75941 /* Release */,
			);
			defaultConfigurationIsVisible = 0;
			defaultConfigurationName = Release;
		};
		0D9433C215D13DFF00C75941 /* Build configuration list for PBXNativeTarget "Russian Transliterator" */ = {
			isa = XCConfigurationList;
			buildConfigurations = (
				0D9433C315D13DFF00C75941 /* Debug */,
				0D9433C415D13DFF00C75941 /* Release */,
			);
			defaultConfigurationIsVisible = 0;
		};
/* End XCConfigurationList section */
	};
	rootObject = 0D9433AA15D13DFF00C75941 /* Project object */;
}
